
Microsoft Visual Studio Solution File, Format Version 12.00
# Visual Studio Version 17
VisualStudioVersion = 17.13.35931.197 d17.13
MinimumVisualStudioVersion = 10.0.40219.1
Project("{FAE04EC0-301F-11D3-BF4B-00C04F79EFBC}") = "WebApplication3", "WebApplication3\WebApplication3.csproj", "{632E1B2C-4C37-47A0-AD44-06A3C29A40BD}"
EndProject
Global
	GlobalSection(SolutionConfigurationPlatforms) = preSolution
		Debug|Any CPU = Debug|Any CPU
		Release|Any CPU = Release|Any CPU
	EndGlobalSection
	GlobalSection(ProjectConfigurationPlatforms) = postSolution
		{632E1B2C-4C37-47A0-AD44-06A3C29A40BD}.Debug|Any CPU.ActiveCfg = Debug|Any CPU
		{632E1B2C-4C37-47A0-AD44-06A3C29A40BD}.Debug|Any CPU.Build.0 = Debug|Any CPU
		{632E1B2C-4C37-47A0-AD44-06A3C29A40BD}.Release|Any CPU.ActiveCfg = Release|Any CPU
		{632E1B2C-4C37-47A0-AD44-06A3C29A40BD}.Release|Any CPU.Build.0 = Release|Any CPU
	EndGlobalSection
	GlobalSection(SolutionProperties) = preSolution
		HideSolutionNode = FALSE
	EndGlobalSection
	GlobalSection(ExtensibilityGlobals) = postSolution
		SolutionGuid = {F4AE1469-4890-468B-A76B-329BE5BA2B8E}
	EndGlobalSection
EndGlobal
